// !$*UTF8*$!
{
	archiveVersion = 1;
	classes = {
	};
	objectVersion = 55;
	objects = {

/* Begin PBXBuildFile section */
		052A2C3328D7BFDB006B18DC /* RecommendationViewController.swift in Sources */ = {isa = PBXBuildFile; fileRef = 052A2C3228D7BFDB006B18DC /* RecommendationViewController.swift */; };
		0581BB5428D15AF6004D53B2 /* AppDelegate.swift in Sources */ = {isa = PBXBuildFile; fileRef = 0581BB5328D15AF6004D53B2 /* AppDelegate.swift */; };
		0581BB5628D15AF6004D53B2 /* SceneDelegate.swift in Sources */ = {isa = PBXBuildFile; fileRef = 0581BB5528D15AF6004D53B2 /* SceneDelegate.swift */; };
		0581BB5828D15AF6004D53B2 /* HomeViewController.swift in Sources */ = {isa = PBXBuildFile; fileRef = 0581BB5728D15AF6004D53B2 /* HomeViewController.swift */; };
		0581BB5B28D15AF6004D53B2 /* Main.storyboard in Resources */ = {isa = PBXBuildFile; fileRef = 0581BB5928D15AF6004D53B2 /* Main.storyboard */; };
		0581BB5D28D15AF8004D53B2 /* Assets.xcassets in Resources */ = {isa = PBXBuildFile; fileRef = 0581BB5C28D15AF8004D53B2 /* Assets.xcassets */; };
		0581BB6028D15AF8004D53B2 /* LaunchScreen.storyboard in Resources */ = {isa = PBXBuildFile; fileRef = 0581BB5E28D15AF8004D53B2 /* LaunchScreen.storyboard */; };
		0581BB6F28D170FB004D53B2 /* HomeCollectionViewCell.swift in Sources */ = {isa = PBXBuildFile; fileRef = 0581BB6E28D170FB004D53B2 /* HomeCollectionViewCell.swift */; };
		0581BB7128D17134004D53B2 /* Metric.swift in Sources */ = {isa = PBXBuildFile; fileRef = 0581BB7028D17134004D53B2 /* Metric.swift */; };
		05E7B10C28D7957C009CA2D4 /* MaterialsViewController.swift in Sources */ = {isa = PBXBuildFile; fileRef = 05E7B10B28D7957C009CA2D4 /* MaterialsViewController.swift */; };
		05E7B10E28D7991B009CA2D4 /* CautionViewController.swift in Sources */ = {isa = PBXBuildFile; fileRef = 05E7B10D28D7991B009CA2D4 /* CautionViewController.swift */; };
		3C1C1C7028D1759000B39612 /* Links.swift in Sources */ = {isa = PBXBuildFile; fileRef = 3C1C1C6F28D1759000B39612 /* Links.swift */; };
/* End PBXBuildFile section */

/* Begin PBXFileReference section */
		052A2C3228D7BFDB006B18DC /* RecommendationViewController.swift */ = {isa = PBXFileReference; lastKnownFileType = sourcecode.swift; path = RecommendationViewController.swift; sourceTree = "<group>"; };
		0581BB5028D15AF6004D53B2 /* InfoMountain.app */ = {isa = PBXFileReference; explicitFileType = wrapper.application; includeInIndex = 0; path = InfoMountain.app; sourceTree = BUILT_PRODUCTS_DIR; };
		0581BB5328D15AF6004D53B2 /* AppDelegate.swift */ = {isa = PBXFileReference; lastKnownFileType = sourcecode.swift; path = AppDelegate.swift; sourceTree = "<group>"; };
		0581BB5528D15AF6004D53B2 /* SceneDelegate.swift */ = {isa = PBXFileReference; lastKnownFileType = sourcecode.swift; path = SceneDelegate.swift; sourceTree = "<group>"; };
		0581BB5728D15AF6004D53B2 /* HomeViewController.swift */ = {isa = PBXFileReference; lastKnownFileType = sourcecode.swift; path = HomeViewController.swift; sourceTree = "<group>"; };
		0581BB5A28D15AF6004D53B2 /* Base */ = {isa = PBXFileReference; lastKnownFileType = file.storyboard; name = Base; path = Base.lproj/Main.storyboard; sourceTree = "<group>"; };
		0581BB5C28D15AF8004D53B2 /* Assets.xcassets */ = {isa = PBXFileReference; lastKnownFileType = folder.assetcatalog; path = Assets.xcassets; sourceTree = "<group>"; };
		0581BB5F28D15AF8004D53B2 /* Base */ = {isa = PBXFileReference; lastKnownFileType = file.storyboard; name = Base; path = Base.lproj/LaunchScreen.storyboard; sourceTree = "<group>"; };
		0581BB6128D15AF8004D53B2 /* Info.plist */ = {isa = PBXFileReference; lastKnownFileType = text.plist.xml; path = Info.plist; sourceTree = "<group>"; };
		0581BB6E28D170FB004D53B2 /* HomeCollectionViewCell.swift */ = {isa = PBXFileReference; lastKnownFileType = sourcecode.swift; path = HomeCollectionViewCell.swift; sourceTree = "<group>"; };
		0581BB7028D17134004D53B2 /* Metric.swift */ = {isa = PBXFileReference; lastKnownFileType = sourcecode.swift; path = Metric.swift; sourceTree = "<group>"; };
		05E7B10B28D7957C009CA2D4 /* MaterialsViewController.swift */ = {isa = PBXFileReference; lastKnownFileType = sourcecode.swift; path = MaterialsViewController.swift; sourceTree = "<group>"; };
		05E7B10D28D7991B009CA2D4 /* CautionViewController.swift */ = {isa = PBXFileReference; lastKnownFileType = sourcecode.swift; path = CautionViewController.swift; sourceTree = "<group>"; };
		3C1C1C6F28D1759000B39612 /* Links.swift */ = {isa = PBXFileReference; lastKnownFileType = sourcecode.swift; path = Links.swift; sourceTree = "<group>"; };
/* End PBXFileReference section */

/* Begin PBXFrameworksBuildPhase section */
		0581BB4D28D15AF6004D53B2 /* Frameworks */ = {
			isa = PBXFrameworksBuildPhase;
			buildActionMask = 2147483647;
			files = (
			);
			runOnlyForDeploymentPostprocessing = 0;
		};
/* End PBXFrameworksBuildPhase section */

/* Begin PBXGroup section */
		0581BB4728D15AF6004D53B2 = {
			isa = PBXGroup;
			children = (
				0581BB5228D15AF6004D53B2 /* InfoMountain */,
				0581BB5128D15AF6004D53B2 /* Products */,
			);
			sourceTree = "<group>";
		};
		0581BB5128D15AF6004D53B2 /* Products */ = {
			isa = PBXGroup;
			children = (
				0581BB5028D15AF6004D53B2 /* InfoMountain.app */,
			);
			name = Products;
			sourceTree = "<group>";
		};
		0581BB5228D15AF6004D53B2 /* InfoMountain */ = {
			isa = PBXGroup;
			children = (
				0581BB5328D15AF6004D53B2 /* AppDelegate.swift */,
				0581BB5528D15AF6004D53B2 /* SceneDelegate.swift */,
				0581BB5728D15AF6004D53B2 /* HomeViewController.swift */,
				05E7B10B28D7957C009CA2D4 /* MaterialsViewController.swift */,
				05E7B10D28D7991B009CA2D4 /* CautionViewController.swift */,
				052A2C3228D7BFDB006B18DC /* RecommendationViewController.swift */,
				0581BB6E28D170FB004D53B2 /* HomeCollectionViewCell.swift */,
				0581BB7028D17134004D53B2 /* Metric.swift */,
				3C1C1C6F28D1759000B39612 /* Links.swift */,
				0581BB5928D15AF6004D53B2 /* Main.storyboard */,
				0581BB5C28D15AF8004D53B2 /* Assets.xcassets */,
				0581BB5E28D15AF8004D53B2 /* LaunchScreen.storyboard */,
				0581BB6128D15AF8004D53B2 /* Info.plist */,
			);
			path = InfoMountain;
			sourceTree = "<group>";
		};
/* End PBXGroup section */

/* Begin PBXNativeTarget section */
		0581BB4F28D15AF6004D53B2 /* InfoMountain */ = {
			isa = PBXNativeTarget;
			buildConfigurationList = 0581BB6428D15AF8004D53B2 /* Build configuration list for PBXNativeTarget "InfoMountain" */;
			buildPhases = (
				0581BB4C28D15AF6004D53B2 /* Sources */,
				0581BB4D28D15AF6004D53B2 /* Frameworks */,
				0581BB4E28D15AF6004D53B2 /* Resources */,
			);
			buildRules = (
			);
			dependencies = (
			);
			name = InfoMountain;
			productName = InfoMountain;
			productReference = 0581BB5028D15AF6004D53B2 /* InfoMountain.app */;
			productType = "com.apple.product-type.application";
		};
/* End PBXNativeTarget section */

/* Begin PBXProject section */
		0581BB4828D15AF6004D53B2 /* Project object */ = {
			isa = PBXProject;
			attributes = {
				BuildIndependentTargetsInParallel = 1;
				LastSwiftUpdateCheck = 1340;
				LastUpgradeCheck = 1340;
				TargetAttributes = {
					0581BB4F28D15AF6004D53B2 = {
						CreatedOnToolsVersion = 13.4.1;
					};
				};
			};
			buildConfigurationList = 0581BB4B28D15AF6004D53B2 /* Build configuration list for PBXProject "InfoMountain" */;
			compatibilityVersion = "Xcode 13.0";
			developmentRegion = en;
			hasScannedForEncodings = 0;
			knownRegions = (
				en,
				Base,
			);
			mainGroup = 0581BB4728D15AF6004D53B2;
			productRefGroup = 0581BB5128D15AF6004D53B2 /* Products */;
			projectDirPath = "";
			projectRoot = "";
			targets = (
				0581BB4F28D15AF6004D53B2 /* InfoMountain */,
			);
		};
/* End PBXProject section */

/* Begin PBXResourcesBuildPhase section */
		0581BB4E28D15AF6004D53B2 /* Resources */ = {
			isa = PBXResourcesBuildPhase;
			buildActionMask = 2147483647;
			files = (
				0581BB6028D15AF8004D53B2 /* LaunchScreen.storyboard in Resources */,
				0581BB5D28D15AF8004D53B2 /* Assets.xcassets in Resources */,
				0581BB5B28D15AF6004D53B2 /* Main.storyboard in Resources */,
			);
			runOnlyForDeploymentPostprocessing = 0;
		};
/* End PBXResourcesBuildPhase section */

/* Begin PBXSourcesBuildPhase section */
		0581BB4C28D15AF6004D53B2 /* Sources */ = {
			isa = PBXSourcesBuildPhase;
			buildActionMask = 2147483647;
			files = (
				0581BB5828D15AF6004D53B2 /* HomeViewController.swift in Sources */,
				05E7B10E28D7991B009CA2D4 /* CautionViewController.swift in Sources */,
				05E7B10C28D7957C009CA2D4 /* MaterialsViewController.swift in Sources */,
				052A2C3328D7BFDB006B18DC /* RecommendationViewController.swift in Sources */,
				3C1C1C7028D1759000B39612 /* Links.swift in Sources */,
				0581BB5428D15AF6004D53B2 /* AppDelegate.swift in Sources */,
				0581BB7128D17134004D53B2 /* Metric.swift in Sources */,
				0581BB5628D15AF6004D53B2 /* SceneDelegate.swift in Sources */,
				0581BB6F28D170FB004D53B2 /* HomeCollectionViewCell.swift in Sources */,
			);
			runOnlyForDeploymentPostprocessing = 0;
		};
/* End PBXSourcesBuildPhase section */

/* Begin PBXVariantGroup section */
		0581BB5928D15AF6004D53B2 /* Main.storyboard */ = {
			isa = PBXVariantGroup;
			children = (
				0581BB5A28D15AF6004D53B2 /* Base */,
			);
			name = Main.storyboard;
			sourceTree = "<group>";
		};
		0581BB5E28D15AF8004D53B2 /* LaunchScreen.storyboard */ = {
			isa = PBXVariantGroup;
			children = (
				0581BB5F28D15AF8004D53B2 /* Base */,
			);
			name = LaunchScreen.storyboard;
			sourceTree = "<group>";
		};
/* End PBXVariantGroup section */

/* Begin XCBuildConfiguration section */
		0581BB6228D15AF8004D53B2 /* Debug */ = {
			isa = XCBuildConfiguration;
			buildSettings = {
				ALWAYS_SEARCH_USER_PATHS = NO;
				CLANG_ANALYZER_NONNULL = YES;
				CLANG_ANALYZER_NUMBER_OBJECT_CONVERSION = YES_AGGRESSIVE;
				CLANG_CXX_LANGUAGE_STANDARD = "gnu++17";
				CLANG_ENABLE_MODULES = YES;
				CLANG_ENABLE_OBJC_ARC = YES;
				CLANG_ENABLE_OBJC_WEAK = YES;
				CLANG_WARN_BLOCK_CAPTURE_AUTORELEASING = YES;
				CLANG_WARN_BOOL_CONVERSION = YES;
				CLANG_WARN_COMMA = YES;
				CLANG_WARN_CONSTANT_CONVERSION = YES;
				CLANG_WARN_DEPRECATED_OBJC_IMPLEMENTATIONS = YES;
				CLANG_WARN_DIRECT_OBJC_ISA_USAGE = YES_ERROR;
				CLANG_WARN_DOCUMENTATION_COMMENTS = YES;
				CLANG_WARN_EMPTY_BODY = YES;
				CLANG_WARN_ENUM_CONVERSION = YES;
				CLANG_WARN_INFINITE_RECURSION = YES;
				CLANG_WARN_INT_CONVERSION = YES;
				CLANG_WARN_NON_LITERAL_NULL_CONVERSION = YES;
				CLANG_WARN_OBJC_IMPLICIT_RETAIN_SELF = YES;
				CLANG_WARN_OBJC_LITERAL_CONVERSION = YES;
				CLANG_WARN_OBJC_ROOT_CLASS = YES_ERROR;
				CLANG_WARN_QUOTED_INCLUDE_IN_FRAMEWORK_HEADER = YES;
				CLANG_WARN_RANGE_LOOP_ANALYSIS = YES;
				CLANG_WARN_STRICT_PROTOTYPES = YES;
				CLANG_WARN_SUSPICIOUS_MOVE = YES;
				CLANG_WARN_UNGUARDED_AVAILABILITY = YES_AGGRESSIVE;
				CLANG_WARN_UNREACHABLE_CODE = YES;
				CLANG_WARN__DUPLICATE_METHOD_MATCH = YES;
				COPY_PHASE_STRIP = NO;
				DEBUG_INFORMATION_FORMAT = dwarf;
				ENABLE_STRICT_OBJC_MSGSEND = YES;
				ENABLE_TESTABILITY = YES;
				GCC_C_LANGUAGE_STANDARD = gnu11;
				GCC_DYNAMIC_NO_PIC = NO;
				GCC_NO_COMMON_BLOCKS = YES;
				GCC_OPTIMIZATION_LEVEL = 0;
				GCC_PREPROCESSOR_DEFINITIONS = (
					"DEBUG=1",
					"$(inherited)",
				);
				GCC_WARN_64_TO_32_BIT_CONVERSION = YES;
				GCC_WARN_ABOUT_RETURN_TYPE = YES_ERROR;
				GCC_WARN_UNDECLARED_SELECTOR = YES;
				GCC_WARN_UNINITIALIZED_AUTOS = YES_AGGRESSIVE;
				GCC_WARN_UNUSED_FUNCTION = YES;
				GCC_WARN_UNUSED_VARIABLE = YES;
				IPHONEOS_DEPLOYMENT_TARGET = 15.5;
				MTL_ENABLE_DEBUG_INFO = INCLUDE_SOURCE;
				MTL_FAST_MATH = YES;
				ONLY_ACTIVE_ARCH = YES;
				SDKROOT = iphoneos;
				SWIFT_ACTIVE_COMPILATION_CONDITIONS = DEBUG;
				SWIFT_OPTIMIZATION_LEVEL = "-Onone";
			};
			name = Debug;
		};
		0581BB6328D15AF8004D53B2 /* Release */ = {
			isa = XCBuildConfiguration;
			buildSettings = {
				ALWAYS_SEARCH_USER_PATHS = NO;
				CLANG_ANALYZER_NONNULL = YES;
				CLANG_ANALYZER_NUMBER_OBJECT_CONVERSION = YES_AGGRESSIVE;
				CLANG_CXX_LANGUAGE_STANDARD = "gnu++17";
				CLANG_ENABLE_MODULES = YES;
				CLANG_ENABLE_OBJC_ARC = YES;
				CLANG_ENABLE_OBJC_WEAK = YES;
				CLANG_WARN_BLOCK_CAPTURE_AUTORELEASING = YES;
				CLANG_WARN_BOOL_CONVERSION = YES;
				CLANG_WARN_COMMA = YES;
				CLANG_WARN_CONSTANT_CONVERSION = YES;
				CLANG_WARN_DEPRECATED_OBJC_IMPLEMENTATIONS = YES;
				CLANG_WARN_DIRECT_OBJC_ISA_USAGE = YES_ERROR;
				CLANG_WARN_DOCUMENTATION_COMMENTS = YES;
				CLANG_WARN_EMPTY_BODY = YES;
				CLANG_WARN_ENUM_CONVERSION = YES;
				CLANG_WARN_INFINITE_RECURSION = YES;
				CLANG_WARN_INT_CONVERSION = YES;
				CLANG_WARN_NON_LITERAL_NULL_CONVERSION = YES;
				CLANG_WARN_OBJC_IMPLICIT_RETAIN_SELF = YES;
				CLANG_WARN_OBJC_LITERAL_CONVERSION = YES;
				CLANG_WARN_OBJC_ROOT_CLASS = YES_ERROR;
				CLANG_WARN_QUOTED_INCLUDE_IN_FRAMEWORK_HEADER = YES;
				CLANG_WARN_RANGE_LOOP_ANALYSIS = YES;
				CLANG_WARN_STRICT_PROTOTYPES = YES;
				CLANG_WARN_SUSPICIOUS_MOVE = YES;
				CLANG_WARN_UNGUARDED_AVAILABILITY = YES_AGGRESSIVE;
				CLANG_WARN_UNREACHABLE_CODE = YES;
				CLANG_WARN__DUPLICATE_METHOD_MATCH = YES;
				COPY_PHASE_STRIP = NO;
				DEBUG_INFORMATION_FORMAT = "dwarf-with-dsym";
				ENABLE_NS_ASSERTIONS = NO;
				ENABLE_STRICT_OBJC_MSGSEND = YES;
				GCC_C_LANGUAGE_STANDARD = gnu11;
				GCC_NO_COMMON_BLOCKS = YES;
				GCC_WARN_64_TO_32_BIT_CONVERSION = YES;
				GCC_WARN_ABOUT_RETURN_TYPE = YES_ERROR;
				GCC_WARN_UNDECLARED_SELECTOR = YES;
				GCC_WARN_UNINITIALIZED_AUTOS = YES_AGGRESSIVE;
				GCC_WARN_UNUSED_FUNCTION = YES;
				GCC_WARN_UNUSED_VARIABLE = YES;
				IPHONEOS_DEPLOYMENT_TARGET = 15.5;
				MTL_ENABLE_DEBUG_INFO = NO;
				MTL_FAST_MATH = YES;
				SDKROOT = iphoneos;
				SWIFT_COMPILATION_MODE = wholemodule;
				SWIFT_OPTIMIZATION_LEVEL = "-O";
				VALIDATE_PRODUCT = YES;
			};
			name = Release;
		};
		0581BB6528D15AF8004D53B2 /* Debug */ = {
			isa = XCBuildConfiguration;
			buildSettings = {
				ASSETCATALOG_COMPILER_APPICON_NAME = AppIcon;
				ASSETCATALOG_COMPILER_GLOBAL_ACCENT_COLOR_NAME = AccentColor;
				CODE_SIGN_STYLE = Automatic;
				CURRENT_PROJECT_VERSION = 1;
				GENERATE_INFOPLIST_FILE = YES;
				INFOPLIST_FILE = InfoMountain/Info.plist;
				INFOPLIST_KEY_UIApplicationSupportsIndirectInputEvents = YES;
				INFOPLIST_KEY_UILaunchStoryboardName = LaunchScreen;
				INFOPLIST_KEY_UIMainStoryboardFile = Main;
				INFOPLIST_KEY_UISupportedInterfaceOrientations_iPad = "UIInterfaceOrientationPortrait UIInterfaceOrientationPortraitUpsideDown UIInterfaceOrientationLandscapeLeft UIInterfaceOrientationLandscapeRight";
				INFOPLIST_KEY_UISupportedInterfaceOrientations_iPhone = "UIInterfaceOrientationPortrait UIInterfaceOrientationLandscapeLeft UIInterfaceOrientationLandscapeRight";
				LD_RUNPATH_SEARCH_PATHS = (
					"$(inherited)",
					"@executable_path/Frameworks",
				);
				MARKETING_VERSION = 1.0;
				PRODUCT_BUNDLE_IDENTIFIER = seohyeonKyo.InfoMountain;
				PRODUCT_NAME = "$(TARGET_NAME)";
				SWIFT_EMIT_LOC_STRINGS = YES;
				SWIFT_VERSION = 5.0;
				TARGETED_DEVICE_FAMILY = "1,2";
			};
			name = Debug;
		};
		0581BB6628D15AF8004D53B2 /* Release */ = {
			isa = XCBuildConfiguration;
			buildSettings = {
				ASSETCATALOG_COMPILER_APPICON_NAME = AppIcon;
				ASSETCATALOG_COMPILER_GLOBAL_ACCENT_COLOR_NAME = AccentColor;
				CODE_SIGN_STYLE = Automatic;
				CURRENT_PROJECT_VERSION = 1;
				GENERATE_INFOPLIST_FILE = YES;
				INFOPLIST_FILE = InfoMountain/Info.plist;
				INFOPLIST_KEY_UIApplicationSupportsIndirectInputEvents = YES;
				INFOPLIST_KEY_UILaunchStoryboardName = LaunchScreen;
				INFOPLIST_KEY_UIMainStoryboardFile = Main;
				INFOPLIST_KEY_UISupportedInterfaceOrientations_iPad = "UIInterfaceOrientationPortrait UIInterfaceOrientationPortraitUpsideDown UIInterfaceOrientationLandscapeLeft UIInterfaceOrientationLandscapeRight";
				INFOPLIST_KEY_UISupportedInterfaceOrientations_iPhone = "UIInterfaceOrientationPortrait UIInterfaceOrientationLandscapeLeft UIInterfaceOrientationLandscapeRight";
				LD_RUNPATH_SEARCH_PATHS = (
					"$(inherited)",
					"@executable_path/Frameworks",
				);
				MARKETING_VERSION = 1.0;
				PRODUCT_BUNDLE_IDENTIFIER = seohyeonKyo.InfoMountain;
				PRODUCT_NAME = "$(TARGET_NAME)";
				SWIFT_EMIT_LOC_STRINGS = YES;
				SWIFT_VERSION = 5.0;
				TARGETED_DEVICE_FAMILY = "1,2";
			};
			name = Release;
		};
/* End XCBuildConfiguration section */

/* Begin XCConfigurationList section */
		0581BB4B28D15AF6004D53B2 /* Build configuration list for PBXProject "InfoMountain" */ = {
			isa = XCConfigurationList;
			buildConfigurations = (
				0581BB6228D15AF8004D53B2 /* Debug */,
				0581BB6328D15AF8004D53B2 /* Release */,
			);
			defaultConfigurationIsVisible = 0;
			defaultConfigurationName = Release;
		};
		0581BB6428D15AF8004D53B2 /* Build configuration list for PBXNativeTarget "InfoMountain" */ = {
			isa = XCConfigurationList;
			buildConfigurations = (
				0581BB6528D15AF8004D53B2 /* Debug */,
				0581BB6628D15AF8004D53B2 /* Release */,
			);
			defaultConfigurationIsVisible = 0;
			defaultConfigurationName = Release;
		};
/* End XCConfigurationList section */
	};
	rootObject = 0581BB4828D15AF6004D53B2 /* Project object */;
}
